{
    "name": "upstream",
    "version": "0.0.2",
    "lockfileVersion": 3,
    "requires": true,
    "packages": {
        "": {
            "name": "upstream",
            "version": "0.0.2",
            "workspaces": [
                "apps/*",
                "packages/*"
            ],
            "devDependencies": {
                "@types/react-syntax-highlighter": "^15.5.13",
                "turbo": "^2.9.17"
            }
        },
        "node_modules/@turbo/darwin-64": {
            "version": "2.9.17",
            "resolved": "https://registry.npmjs.org/@turbo/darwin-64/-/darwin-64-2.9.17.tgz",
            "integrity": "sha512-io5jn5RDeU+9YV78rWhwG++HD/OZ/Lxg1sg93+jDGKQNP3UDxY6RX2dmarbCILhNxNuAM8FH3WgGMY9E96Mf8w==",
            "cpu": [
                "x64"
            ],
            "dev": true,
            "license": "MIT",
            "optional": true,
            "os": [
                "darwin"
            ]
        },
        "node_modules/@turbo/darwin-arm64": {
            "version": "2.9.17",
            "resolved": "https://registry.npmjs.org/@turbo/darwin-arm64/-/darwin-arm64-2.9.17.tgz",
            "integrity": "sha512-83YZTYmN2sxFWf2LTMOwqbOvR3qZMa/TSFwnB6BHVBbIWyoPPe+TAdSTd8KevEx8ml8KkycJ/9A70DFVReyUww==",
            "cpu": [
                "arm64"
            ],
            "dev": true,
            "license": "MIT",
            "optional": true,
            "os": [
                "darwin"
            ]
        },
        "node_modules/@turbo/linux-64": {
            "version": "2.9.17",
            "resolved": "https://registry.npmjs.org/@turbo/linux-64/-/linux-64-2.9.17.tgz",
            "integrity": "sha512-teKfwJg0zSC+C2ZSOsX3VnAJGVgcN+pgKNmnGWzcpXQ9eIkAQtYP+getrQ2f1Tw/ePudnreQhq8tVP8S73Vy6Q==",
            "cpu": [
                "x64"
            ],
            "dev": true,
            "license": "MIT",
            "optional": true,
            "os": [
                "linux"
            ]
        },
        "node_modules/@turbo/linux-arm64": {
            "version": "2.9.17",
            "resolved": "https://registry.npmjs.org/@turbo/linux-arm64/-/linux-arm64-2.9.17.tgz",
            "integrity": "sha512-mqO36x2CNtJ9CCbEf5xOqH662tVSc1wB0mxh7dopBpgXg0fEifdzwX0IEAUW1WUAaNH986L7iEUUgw3HNqUWgg==",
            "cpu": [
                "arm64"
            ],
            "dev": true,
            "license": "MIT",
            "optional": true,
            "os": [
                "linux"
            ]
        },
        "node_modules/@turbo/windows-64": {
            "version": "2.9.17",
            "resolved": "https://registry.npmjs.org/@turbo/windows-64/-/windows-64-2.9.17.tgz",
            "integrity": "sha512-jbyoNePufyMoSSrvVr+/mglcjmya/MOgoIrSHPr67iZ1VFgrlMQXHXtptR2lR48gi+86b1XBvsviJZ9A7zrydg==",
            "cpu": [
                "x64"
            ],
            "dev": true,
            "license": "MIT",
            "optional": true,
            "os": [
                "win32"
            ]
        },
        "node_modules/@turbo/windows-arm64": {
            "version": "2.9.17",
            "resolved": "https://registry.npmjs.org/@turbo/windows-arm64/-/windows-arm64-2.9.17.tgz",
            "integrity": "sha512-+ql0wYc99Y2AMvyHCcC/P+xtyV4nz522L+C9HDnyi7ryHXBGM+ZjBP28M7SLBGMDImgpN8sk2szpgbvreMeXVA==",
            "cpu": [
                "arm64"
            ],
            "dev": true,
            "license": "MIT",
            "optional": true,
            "os": [
                "win32"
            ]
        },
        "node_modules/@types/node": {
            "version": "26.0.0",
            "resolved": "https://registry.npmjs.org/@types/node/-/node-26.0.0.tgz",
            "integrity": "sha512-vf2YFi1iY9lHGwNJMs01biZFbKJkrZR1T6/MlzjhJLPdntOHLhTrDSnSVcdtvjihi4VQNlrFRIxLsDBlQpAipA==",
            "dev": true,
            "license": "MIT",
            "dependencies": {
                "undici-types": "~8.3.0"
            }
        },
        "node_modules/@types/react": {
            "version": "19.2.17",
            "resolved": "https://registry.npmjs.org/@types/react/-/react-19.2.17.tgz",
            "integrity": "sha512-MXfmqaVPEVgkBT/aY0aGCkRWWtByiYQXo3xdQ8r5RzuFrPiRn8Gar2tQdXSUQ2GKV3bkXckek89V8wQBY2Q/Aw==",
            "dev": true,
            "license": "MIT",
            "dependencies": {
                "csstype": "^3.2.2"
            }
        },
        "node_modules/@types/react-syntax-highlighter": {
            "version": "15.5.13",
            "resolved": "https://registry.npmjs.org/@types/react-syntax-highlighter/-/react-syntax-highlighter-15.5.13.tgz",
            "integrity": "sha512-uLGJ87j6Sz8UaBAooU0T6lWJ0dBmjZgN1PZTrj05TNql2/XpC6+4HhMT5syIdFUUt+FASfCeLLv4kBygNU+8qA==",
            "dev": true,
            "license": "MIT",
            "dependencies": {
                "@types/react": "*"
            }
        },
        "node_modules/csstype": {
            "version": "3.2.3",
            "resolved": "https://registry.npmjs.org/csstype/-/csstype-3.2.3.tgz",
            "integrity": "sha512-z1HGKcYy2xA8AGQfwrn0PAy+PB7X/GSj3UVJW9qKyn43xWa+gl5nXmU4qqLMRzWVLFC8KusUX8T/0kCiOYpAIQ==",
            "dev": true,
            "license": "MIT"
        },
        "node_modules/turbo": {
            "version": "2.9.17",
            "resolved": "https://registry.npmjs.org/turbo/-/turbo-2.9.17.tgz",
            "integrity": "sha512-91Q3KxfHJn7esFu2Ic6j9pkvQqWjncQCOp7r1gCKChRSb/+T/yIjsavAmbGLmFRKAzSjmWW/FMrcknmJ4hEOPA==",
            "dev": true,
            "license": "MIT",
            "bin": {
                "turbo": "bin/turbo"
            },
            "optionalDependencies": {
                "@turbo/darwin-64": "2.9.17",
                "@turbo/darwin-arm64": "2.9.17",
                "@turbo/linux-64": "2.9.17",
                "@turbo/linux-arm64": "2.9.17",
                "@turbo/windows-64": "2.9.17",
                "@turbo/windows-arm64": "2.9.17"
            }
        },
        "node_modules/typescript": {
            "version": "5.9.3",
            "resolved": "https://registry.npmjs.org/typescript/-/typescript-5.9.3.tgz",
            "integrity": "sha512-jl1vZzPDinLr9eUt3J/t7V6FgNEw9QjvBPdysz9KfQDD41fQrC2Y4vKQdiaUpFT4bXlb1RHhLpp8wtm6M5TgSw==",
            "dev": true,
            "license": "Apache-2.0",
            "bin": {
                "tsc": "bin/tsc",
                "tsserver": "bin/tsserver"
            },
            "engines": {
                "node": ">=14.17"
            }
        },
        "node_modules/undici-types": {
            "version": "8.3.0",
            "resolved": "https://registry.npmjs.org/undici-types/-/undici-types-8.3.0.tgz",
            "integrity": "sha512-j375ScV60dom+YkPFIfTLcOiPxkN/buHz5GobjLhixFuANaNs3C9l4GmrWqejgXWJ7BbJcFYpTEUkS1Ge8bpZQ==",
            "dev": true,
            "license": "MIT"
        },
        "node_modules/upstream-sdk": {
            "resolved": "packages/upstream-sdk-node",
            "link": true
        },
        "packages/upstream-sdk-node": {
            "name": "upstream-sdk",
            "version": "0.2.1",
            "license": "CC BY-NC 4.0",
            "devDependencies": {
                "@types/node": "^26.0.0",
                "typescript": "^5.0.0"
            }
        }
    }
}
